
Microsoft Visual Studio Solution File, Format Version 10.00
# Visual Studio 2008
Project("{8BC9CEB8-8B4A-11D0-8D11-00A0C91BC942}") = "SimRobotCore", "..\Src\SimulatorQt\Make\SimRobotCore.vcproj", "{8B2C45A3-097E-3704-BF8F-9EB74A767AF5}"
EndProject
Project("{8BC9CEB8-8B4A-11D0-8D11-00A0C91BC942}") = "SimRobotGUI", "..\Src\SimulatorQt\Make\SimRobotGUI.vcproj", "{5C6F609F-6829-3883-A454-DE4117AFCA8C}"
EndProject
Project("{8BC9CEB8-8B4A-11D0-8D11-00A0C91BC942}") = "VcProjGeneration", "zbuildgen.vcproj", "{2679ACC3-5EE4-4457-8574-045E1ECF3EEC}"
EndProject
Project("{8BC9CEB8-8B4A-11D0-8D11-00A0C91BC942}") = "Controller", "Controller.vcproj", "{58460923-FB01-42B5-B92B-CFCBF254EED2}"
EndProject
Project("{8BC9CEB8-8B4A-11D0-8D11-00A0C91BC942}") = "URC", "URC.vcproj", "{77EFE0DD-927D-40FD-AABA-C5034B54BDFE}"
EndProject
Project("{8BC9CEB8-8B4A-11D0-8D11-00A0C91BC942}") = "SpecialActions", "SpecialActions.vcproj", "{8C2220B4-B947-42B1-887C-DA217C9328BE}"
	ProjectSection(ProjectDependencies) = postProject
		{77EFE0DD-927D-40FD-AABA-C5034B54BDFE} = {77EFE0DD-927D-40FD-AABA-C5034B54BDFE}
	EndProjectSection
EndProject
Project("{8BC9CEB8-8B4A-11D0-8D11-00A0C91BC942}") = "Behavior", "Behavior.vcproj", "{10A6BBBA-8584-4A19-8B56-0CDECD2A637B}"
	ProjectSection(ProjectDependencies) = postProject
		{77EFE0DD-927D-40FD-AABA-C5034B54BDFE} = {77EFE0DD-927D-40FD-AABA-C5034B54BDFE}
	EndProjectSection
EndProject
Project("{8BC9CEB8-8B4A-11D0-8D11-00A0C91BC942}") = "_Simulator", "Simulator.vcproj", "{3BED463A-165E-4B90-86FA-B9CD07B1B2BF}"
	ProjectSection(ProjectDependencies) = postProject
		{58460923-FB01-42B5-B92B-CFCBF254EED2} = {58460923-FB01-42B5-B92B-CFCBF254EED2}
		{5C6F609F-6829-3883-A454-DE4117AFCA8C} = {5C6F609F-6829-3883-A454-DE4117AFCA8C}
		{8B2C45A3-097E-3704-BF8F-9EB74A767AF5} = {8B2C45A3-097E-3704-BF8F-9EB74A767AF5}
		{8C2220B4-B947-42B1-887C-DA217C9328BE} = {8C2220B4-B947-42B1-887C-DA217C9328BE}
		{10A6BBBA-8584-4A19-8B56-0CDECD2A637B} = {10A6BBBA-8584-4A19-8B56-0CDECD2A637B}
	EndProjectSection
EndProject
Project("{2150E333-8FDC-42A3-9474-1A3956D46DE8}") = "Lib", "Lib", "{4189EE76-AED7-4666-BE5B-6622E08E665A}"
EndProject
Project("{2150E333-8FDC-42A3-9474-1A3956D46DE8}") = "Util", "Util", "{990D368E-18B4-4315-A7F6-0A988E6FB56D}"
EndProject
Project("{2150E333-8FDC-42A3-9474-1A3956D46DE8}") = "Doc", "Doc", "{F0AE0BDB-6844-4EE9-8FDB-E70BA116BBC7}"
EndProject
Project("{8BC9CEB8-8B4A-11D0-8D11-00A0C91BC942}") = "BehaviorDoc", "Documentation\BehaviorDoc.vcproj", "{A675FCCD-E8F2-49C1-BCF7-7B49B9228907}"
	ProjectSection(ProjectDependencies) = postProject
		{10A6BBBA-8584-4A19-8B56-0CDECD2A637B} = {10A6BBBA-8584-4A19-8B56-0CDECD2A637B}
	EndProjectSection
EndProject
Project("{8BC9CEB8-8B4A-11D0-8D11-00A0C91BC942}") = "SimulatorDoc", "Documentation\SimulatorDoc.vcproj", "{F6ADD275-1D57-464B-A31A-2F838CAAC4C7}"
EndProject
Project("{8BC9CEB8-8B4A-11D0-8D11-00A0C91BC942}") = "_Nao", "Nao.vcproj", "{558D977A-B669-4BEE-ACEF-553EC1EAF7EE}"
	ProjectSection(ProjectDependencies) = postProject
		{8C2220B4-B947-42B1-887C-DA217C9328BE} = {8C2220B4-B947-42B1-887C-DA217C9328BE}
		{10A6BBBA-8584-4A19-8B56-0CDECD2A637B} = {10A6BBBA-8584-4A19-8B56-0CDECD2A637B}
		{165FFCFB-4721-4C30-A2FE-86A21F5CF89F} = {165FFCFB-4721-4C30-A2FE-86A21F5CF89F}
	EndProjectSection
EndProject
Project("{8BC9CEB8-8B4A-11D0-8D11-00A0C91BC942}") = "libbhuman", "libbhuman.vcproj", "{165FFCFB-4721-4C30-A2FE-86A21F5CF89F}"
EndProject
Project("{8BC9CEB8-8B4A-11D0-8D11-00A0C91BC942}") = "Copyfiles", "copyfiles.vcproj", "{E427221A-8D57-47E5-B7DE-83435B859DD0}"
	ProjectSection(ProjectDependencies) = postProject
		{558D977A-B669-4BEE-ACEF-553EC1EAF7EE} = {558D977A-B669-4BEE-ACEF-553EC1EAF7EE}
	EndProjectSection
EndProject
Project("{2150E333-8FDC-42A3-9474-1A3956D46DE8}") = "_Tools", "_Tools", "{D4126FC4-C760-4B3B-8063-238E1795F82F}"
EndProject
Global
	GlobalSection(SolutionConfigurationPlatforms) = preSolution
		Debug with Release Libs|Win32 = Debug with Release Libs|Win32
		Debug|Win32 = Debug|Win32
		Optimized|Win32 = Optimized|Win32
		Release|Win32 = Release|Win32
	EndGlobalSection
	GlobalSection(ProjectConfigurationPlatforms) = postSolution
		{8B2C45A3-097E-3704-BF8F-9EB74A767AF5}.Debug with Release Libs|Win32.ActiveCfg = Release|Win32
		{8B2C45A3-097E-3704-BF8F-9EB74A767AF5}.Debug with Release Libs|Win32.Build.0 = Release|Win32
		{8B2C45A3-097E-3704-BF8F-9EB74A767AF5}.Debug|Win32.ActiveCfg = Debug|Win32
		{8B2C45A3-097E-3704-BF8F-9EB74A767AF5}.Debug|Win32.Build.0 = Debug|Win32
		{8B2C45A3-097E-3704-BF8F-9EB74A767AF5}.Optimized|Win32.ActiveCfg = Release|Win32
		{8B2C45A3-097E-3704-BF8F-9EB74A767AF5}.Optimized|Win32.Build.0 = Release|Win32
		{8B2C45A3-097E-3704-BF8F-9EB74A767AF5}.Release|Win32.ActiveCfg = Release|Win32
		{8B2C45A3-097E-3704-BF8F-9EB74A767AF5}.Release|Win32.Build.0 = Release|Win32
		{5C6F609F-6829-3883-A454-DE4117AFCA8C}.Debug with Release Libs|Win32.ActiveCfg = Release|Win32
		{5C6F609F-6829-3883-A454-DE4117AFCA8C}.Debug with Release Libs|Win32.Build.0 = Release|Win32
		{5C6F609F-6829-3883-A454-DE4117AFCA8C}.Debug|Win32.ActiveCfg = Debug|Win32
		{5C6F609F-6829-3883-A454-DE4117AFCA8C}.Debug|Win32.Build.0 = Debug|Win32
		{5C6F609F-6829-3883-A454-DE4117AFCA8C}.Optimized|Win32.ActiveCfg = Release|Win32
		{5C6F609F-6829-3883-A454-DE4117AFCA8C}.Optimized|Win32.Build.0 = Release|Win32
		{5C6F609F-6829-3883-A454-DE4117AFCA8C}.Release|Win32.ActiveCfg = Release|Win32
		{5C6F609F-6829-3883-A454-DE4117AFCA8C}.Release|Win32.Build.0 = Release|Win32
		{2679ACC3-5EE4-4457-8574-045E1ECF3EEC}.Debug with Release Libs|Win32.ActiveCfg = Release|Win32
		{2679ACC3-5EE4-4457-8574-045E1ECF3EEC}.Debug with Release Libs|Win32.Build.0 = Release|Win32
		{2679ACC3-5EE4-4457-8574-045E1ECF3EEC}.Debug|Win32.ActiveCfg = Release|Win32
		{2679ACC3-5EE4-4457-8574-045E1ECF3EEC}.Debug|Win32.Build.0 = Release|Win32
		{2679ACC3-5EE4-4457-8574-045E1ECF3EEC}.Optimized|Win32.ActiveCfg = Release|Win32
		{2679ACC3-5EE4-4457-8574-045E1ECF3EEC}.Optimized|Win32.Build.0 = Release|Win32
		{2679ACC3-5EE4-4457-8574-045E1ECF3EEC}.Release|Win32.ActiveCfg = Release|Win32
		{2679ACC3-5EE4-4457-8574-045E1ECF3EEC}.Release|Win32.Build.0 = Release|Win32
		{58460923-FB01-42B5-B92B-CFCBF254EED2}.Debug with Release Libs|Win32.ActiveCfg = Release|Win32
		{58460923-FB01-42B5-B92B-CFCBF254EED2}.Debug with Release Libs|Win32.Build.0 = Release|Win32
		{58460923-FB01-42B5-B92B-CFCBF254EED2}.Debug|Win32.ActiveCfg = Debug|Win32
		{58460923-FB01-42B5-B92B-CFCBF254EED2}.Debug|Win32.Build.0 = Debug|Win32
		{58460923-FB01-42B5-B92B-CFCBF254EED2}.Optimized|Win32.ActiveCfg = Release|Win32
		{58460923-FB01-42B5-B92B-CFCBF254EED2}.Optimized|Win32.Build.0 = Release|Win32
		{58460923-FB01-42B5-B92B-CFCBF254EED2}.Release|Win32.ActiveCfg = Release|Win32
		{58460923-FB01-42B5-B92B-CFCBF254EED2}.Release|Win32.Build.0 = Release|Win32
		{77EFE0DD-927D-40FD-AABA-C5034B54BDFE}.Debug with Release Libs|Win32.ActiveCfg = Debug|Win32
		{77EFE0DD-927D-40FD-AABA-C5034B54BDFE}.Debug with Release Libs|Win32.Build.0 = Debug|Win32
		{77EFE0DD-927D-40FD-AABA-C5034B54BDFE}.Debug|Win32.ActiveCfg = Debug|Win32
		{77EFE0DD-927D-40FD-AABA-C5034B54BDFE}.Debug|Win32.Build.0 = Debug|Win32
		{77EFE0DD-927D-40FD-AABA-C5034B54BDFE}.Optimized|Win32.ActiveCfg = Debug|Win32
		{77EFE0DD-927D-40FD-AABA-C5034B54BDFE}.Optimized|Win32.Build.0 = Debug|Win32
		{77EFE0DD-927D-40FD-AABA-C5034B54BDFE}.Release|Win32.ActiveCfg = Debug|Win32
		{77EFE0DD-927D-40FD-AABA-C5034B54BDFE}.Release|Win32.Build.0 = Debug|Win32
		{8C2220B4-B947-42B1-887C-DA217C9328BE}.Debug with Release Libs|Win32.ActiveCfg = Release|Win32
		{8C2220B4-B947-42B1-887C-DA217C9328BE}.Debug with Release Libs|Win32.Build.0 = Release|Win32
		{8C2220B4-B947-42B1-887C-DA217C9328BE}.Debug|Win32.ActiveCfg = Release|Win32
		{8C2220B4-B947-42B1-887C-DA217C9328BE}.Debug|Win32.Build.0 = Release|Win32
		{8C2220B4-B947-42B1-887C-DA217C9328BE}.Optimized|Win32.ActiveCfg = Release|Win32
		{8C2220B4-B947-42B1-887C-DA217C9328BE}.Optimized|Win32.Build.0 = Release|Win32
		{8C2220B4-B947-42B1-887C-DA217C9328BE}.Release|Win32.ActiveCfg = Release|Win32
		{8C2220B4-B947-42B1-887C-DA217C9328BE}.Release|Win32.Build.0 = Release|Win32
		{10A6BBBA-8584-4A19-8B56-0CDECD2A637B}.Debug with Release Libs|Win32.ActiveCfg = Release|Win32
		{10A6BBBA-8584-4A19-8B56-0CDECD2A637B}.Debug with Release Libs|Win32.Build.0 = Release|Win32
		{10A6BBBA-8584-4A19-8B56-0CDECD2A637B}.Debug|Win32.ActiveCfg = Release|Win32
		{10A6BBBA-8584-4A19-8B56-0CDECD2A637B}.Debug|Win32.Build.0 = Release|Win32
		{10A6BBBA-8584-4A19-8B56-0CDECD2A637B}.Optimized|Win32.ActiveCfg = Release|Win32
		{10A6BBBA-8584-4A19-8B56-0CDECD2A637B}.Optimized|Win32.Build.0 = Release|Win32
		{10A6BBBA-8584-4A19-8B56-0CDECD2A637B}.Release|Win32.ActiveCfg = Release|Win32
		{10A6BBBA-8584-4A19-8B56-0CDECD2A637B}.Release|Win32.Build.0 = Release|Win32
		{3BED463A-165E-4B90-86FA-B9CD07B1B2BF}.Debug with Release Libs|Win32.ActiveCfg = Debug with Release Libs|Win32
		{3BED463A-165E-4B90-86FA-B9CD07B1B2BF}.Debug with Release Libs|Win32.Build.0 = Debug with Release Libs|Win32
		{3BED463A-165E-4B90-86FA-B9CD07B1B2BF}.Debug|Win32.ActiveCfg = Debug|Win32
		{3BED463A-165E-4B90-86FA-B9CD07B1B2BF}.Debug|Win32.Build.0 = Debug|Win32
		{3BED463A-165E-4B90-86FA-B9CD07B1B2BF}.Optimized|Win32.ActiveCfg = Optimized|Win32
		{3BED463A-165E-4B90-86FA-B9CD07B1B2BF}.Optimized|Win32.Build.0 = Optimized|Win32
		{3BED463A-165E-4B90-86FA-B9CD07B1B2BF}.Release|Win32.ActiveCfg = Optimized|Win32
		{3BED463A-165E-4B90-86FA-B9CD07B1B2BF}.Release|Win32.Build.0 = Optimized|Win32
		{A675FCCD-E8F2-49C1-BCF7-7B49B9228907}.Debug with Release Libs|Win32.ActiveCfg = Release|Win32
		{A675FCCD-E8F2-49C1-BCF7-7B49B9228907}.Debug|Win32.ActiveCfg = Release|Win32
		{A675FCCD-E8F2-49C1-BCF7-7B49B9228907}.Optimized|Win32.ActiveCfg = Release|Win32
		{A675FCCD-E8F2-49C1-BCF7-7B49B9228907}.Release|Win32.ActiveCfg = Release|Win32
		{F6ADD275-1D57-464B-A31A-2F838CAAC4C7}.Debug with Release Libs|Win32.ActiveCfg = Release|Win32
		{F6ADD275-1D57-464B-A31A-2F838CAAC4C7}.Debug|Win32.ActiveCfg = Release|Win32
		{F6ADD275-1D57-464B-A31A-2F838CAAC4C7}.Optimized|Win32.ActiveCfg = Release|Win32
		{F6ADD275-1D57-464B-A31A-2F838CAAC4C7}.Release|Win32.ActiveCfg = Release|Win32
		{558D977A-B669-4BEE-ACEF-553EC1EAF7EE}.Debug with Release Libs|Win32.ActiveCfg = Debug|Win32
		{558D977A-B669-4BEE-ACEF-553EC1EAF7EE}.Debug with Release Libs|Win32.Build.0 = Debug|Win32
		{558D977A-B669-4BEE-ACEF-553EC1EAF7EE}.Debug|Win32.ActiveCfg = Debug|Win32
		{558D977A-B669-4BEE-ACEF-553EC1EAF7EE}.Debug|Win32.Build.0 = Debug|Win32
		{558D977A-B669-4BEE-ACEF-553EC1EAF7EE}.Optimized|Win32.ActiveCfg = Optimized|Win32
		{558D977A-B669-4BEE-ACEF-553EC1EAF7EE}.Optimized|Win32.Build.0 = Optimized|Win32
		{558D977A-B669-4BEE-ACEF-553EC1EAF7EE}.Release|Win32.ActiveCfg = Release|Win32
		{558D977A-B669-4BEE-ACEF-553EC1EAF7EE}.Release|Win32.Build.0 = Release|Win32
		{165FFCFB-4721-4C30-A2FE-86A21F5CF89F}.Debug with Release Libs|Win32.ActiveCfg = Release|Win32
		{165FFCFB-4721-4C30-A2FE-86A21F5CF89F}.Debug with Release Libs|Win32.Build.0 = Release|Win32
		{165FFCFB-4721-4C30-A2FE-86A21F5CF89F}.Debug|Win32.ActiveCfg = Release|Win32
		{165FFCFB-4721-4C30-A2FE-86A21F5CF89F}.Debug|Win32.Build.0 = Release|Win32
		{165FFCFB-4721-4C30-A2FE-86A21F5CF89F}.Optimized|Win32.ActiveCfg = Release|Win32
		{165FFCFB-4721-4C30-A2FE-86A21F5CF89F}.Optimized|Win32.Build.0 = Release|Win32
		{165FFCFB-4721-4C30-A2FE-86A21F5CF89F}.Release|Win32.ActiveCfg = Release|Win32
		{165FFCFB-4721-4C30-A2FE-86A21F5CF89F}.Release|Win32.Build.0 = Release|Win32
		{E427221A-8D57-47E5-B7DE-83435B859DD0}.Debug with Release Libs|Win32.ActiveCfg = Debug|Win32
		{E427221A-8D57-47E5-B7DE-83435B859DD0}.Debug|Win32.ActiveCfg = Debug|Win32
		{E427221A-8D57-47E5-B7DE-83435B859DD0}.Optimized|Win32.ActiveCfg = Optimized|Win32
		{E427221A-8D57-47E5-B7DE-83435B859DD0}.Release|Win32.ActiveCfg = Release|Win32
	EndGlobalSection
	GlobalSection(SolutionProperties) = preSolution
		HideSolutionNode = FALSE
	EndGlobalSection
	GlobalSection(NestedProjects) = preSolution
		{5C6F609F-6829-3883-A454-DE4117AFCA8C} = {4189EE76-AED7-4666-BE5B-6622E08E665A}
		{58460923-FB01-42B5-B92B-CFCBF254EED2} = {4189EE76-AED7-4666-BE5B-6622E08E665A}
		{8B2C45A3-097E-3704-BF8F-9EB74A767AF5} = {4189EE76-AED7-4666-BE5B-6622E08E665A}
		{165FFCFB-4721-4C30-A2FE-86A21F5CF89F} = {4189EE76-AED7-4666-BE5B-6622E08E665A}
		{E427221A-8D57-47E5-B7DE-83435B859DD0} = {D4126FC4-C760-4B3B-8063-238E1795F82F}
		{2679ACC3-5EE4-4457-8574-045E1ECF3EEC} = {D4126FC4-C760-4B3B-8063-238E1795F82F}
		{77EFE0DD-927D-40FD-AABA-C5034B54BDFE} = {990D368E-18B4-4315-A7F6-0A988E6FB56D}
		{A675FCCD-E8F2-49C1-BCF7-7B49B9228907} = {F0AE0BDB-6844-4EE9-8FDB-E70BA116BBC7}
		{F6ADD275-1D57-464B-A31A-2F838CAAC4C7} = {F0AE0BDB-6844-4EE9-8FDB-E70BA116BBC7}
	EndGlobalSection
EndGlobal
